
Microsoft Visual Studio Solution File, Format Version 12.00
Project("{FAE04EC0-301F-11D3-BF4B-00C04F79EFBC}") = "planer_dnia", "planer_dnia\planer_dnia.csproj", "{BDB082F2-13E8-42BA-B911-A9D3CF21AD49}"
EndProject
Global
	GlobalSection(SolutionConfigurationPlatforms) = preSolution
		Debug|Any CPU = Debug|Any CPU
		Release|Any CPU = Release|Any CPU
	EndGlobalSection
	GlobalSection(ProjectConfigurationPlatforms) = postSolution
		{BDB082F2-13E8-42BA-B911-A9D3CF21AD49}.Debug|Any CPU.ActiveCfg = Debug|Any CPU
		{BDB082F2-13E8-42BA-B911-A9D3CF21AD49}.Debug|Any CPU.Build.0 = Debug|Any CPU
		{BDB082F2-13E8-42BA-B911-A9D3CF21AD49}.Release|Any CPU.ActiveCfg = Release|Any CPU
		{BDB082F2-13E8-42BA-B911-A9D3CF21AD49}.Release|Any CPU.Build.0 = Release|Any CPU
	EndGlobalSection
EndGlobal
